
Microsoft Visual Studio Solution File, Format Version 12.00
# Visual Studio 14
VisualStudioVersion = 14.0.25123.0
MinimumVisualStudioVersion = 10.0.40219.1
Project("{FAE04EC0-301F-11D3-BF4B-00C04F79EFBC}") = "WEB_PERSONAL", "WEB_PERSONAL\WEB_PERSONAL.csproj", "{88784A0E-E477-42F8-9F72-2F2580766293}"
EndProject
Global
	GlobalSection(SolutionConfigurationPlatforms) = preSolution
		Debug|Any CPU = Debug|Any CPU
		Release|Any CPU = Release|Any CPU
	EndGlobalSection
	GlobalSection(ProjectConfigurationPlatforms) = postSolution
		{88784A0E-E477-42F8-9F72-2F2580766293}.Debug|Any CPU.ActiveCfg = Debug|Any CPU
		{88784A0E-E477-42F8-9F72-2F2580766293}.Debug|Any CPU.Build.0 = Debug|Any CPU
		{88784A0E-E477-42F8-9F72-2F2580766293}.Release|Any CPU.ActiveCfg = Release|Any CPU
		{88784A0E-E477-42F8-9F72-2F2580766293}.Release|Any CPU.Build.0 = Release|Any CPU
	EndGlobalSection
	GlobalSection(SolutionProperties) = preSolution
		HideSolutionNode = FALSE
	EndGlobalSection
EndGlobal
